// !$*UTF8*$!
{
	archiveVersion = 1;
	classes = {
	};
	objectVersion = 55;
	objects = {

/* Begin PBXBuildFile section */
		A919990127DE68F7003580B2 /* Fonts.swift in Sources */ = {isa = PBXBuildFile; fileRef = A9A2AADF27BD0249009AAE69 /* Fonts.swift */; };
		A919990227DE68F7003580B2 /* Colors.swift in Sources */ = {isa = PBXBuildFile; fileRef = A9A2AADD27BCF41F009AAE69 /* Colors.swift */; };
		A919990327DE68F7003580B2 /* Calculator.swift in Sources */ = {isa = PBXBuildFile; fileRef = A95370F627D7399B008583F1 /* Calculator.swift */; };
		A919990527DE68F7003580B2 /* BeforeCalculationState.swift in Sources */ = {isa = PBXBuildFile; fileRef = A95370FC27D73DCD008583F1 /* BeforeCalculationState.swift */; };
		A919990627DE68F7003580B2 /* AfterFirstOperationState.swift in Sources */ = {isa = PBXBuildFile; fileRef = A95370FE27D73E11008583F1 /* AfterFirstOperationState.swift */; };
		A919990727DE68F7003580B2 /* AfterSecondNumberState.swift in Sources */ = {isa = PBXBuildFile; fileRef = A953710027D73E2C008583F1 /* AfterSecondNumberState.swift */; };
		A919990827DE68F7003580B2 /* AfterPrimaryOperationState.swift in Sources */ = {isa = PBXBuildFile; fileRef = A953710227D73FCD008583F1 /* AfterPrimaryOperationState.swift */; };
		A919990927DE68F7003580B2 /* AfterPrimaryBlockNumberState.swift in Sources */ = {isa = PBXBuildFile; fileRef = A953710427D74018008583F1 /* AfterPrimaryBlockNumberState.swift */; };
		A919990A27DE68F7003580B2 /* KeyType.swift in Sources */ = {isa = PBXBuildFile; fileRef = A9A2AAEB27C00E40009AAE69 /* KeyType.swift */; };
		A919990B27DE68F7003580B2 /* ItemInfo.swift in Sources */ = {isa = PBXBuildFile; fileRef = A9A2AAED27C00FFA009AAE69 /* ItemInfo.swift */; };
		A919990E27DE68F7003580B2 /* MainViewModel.swift in Sources */ = {isa = PBXBuildFile; fileRef = A9A2AAEF27C01128009AAE69 /* MainViewModel.swift */; };
		A919990F27DE68F7003580B2 /* ButtonViewModel.swift in Sources */ = {isa = PBXBuildFile; fileRef = A9A2AAFA27C38B66009AAE69 /* ButtonViewModel.swift */; };
		A919991027DE68F7003580B2 /* MainView.swift in Sources */ = {isa = PBXBuildFile; fileRef = A9A2AAD327BA2ABA009AAE69 /* MainView.swift */; };
		A919991127DE68F7003580B2 /* ButtonView.swift in Sources */ = {isa = PBXBuildFile; fileRef = A9A2AAF827C38B09009AAE69 /* ButtonView.swift */; };
		A919991227DE68F7003580B2 /* ContentView.swift in Sources */ = {isa = PBXBuildFile; fileRef = A9A2AAC527BA2A5A009AAE69 /* ContentView.swift */; };
		A919991327DE68F7003580B2 /* SwiftUICalculatorApp.swift in Sources */ = {isa = PBXBuildFile; fileRef = A9A2AAC327BA2A5A009AAE69 /* SwiftUICalculatorApp.swift */; };
		A956159D27DE769300D4F737 /* State.swift in Sources */ = {isa = PBXBuildFile; fileRef = A919991427DE708E003580B2 /* State.swift */; };
		A956159E27DE769300D4F737 /* OperationType.swift in Sources */ = {isa = PBXBuildFile; fileRef = A9A2AAF127C01182009AAE69 /* OperationType.swift */; };
		A983E89927E208CD00561814 /* Museo-700.otf in Resources */ = {isa = PBXBuildFile; fileRef = A9A2AAE627BD1D2E009AAE69 /* Museo-700.otf */; };
		A983E89A27E208CD00561814 /* Montserrat-Bold.ttf in Resources */ = {isa = PBXBuildFile; fileRef = A9A2AAD727BCF21D009AAE69 /* Montserrat-Bold.ttf */; };
		A983E89B27E208CD00561814 /* DigitalNumbers-Regular.ttf in Resources */ = {isa = PBXBuildFile; fileRef = A9A2AAE927BD71F6009AAE69 /* DigitalNumbers-Regular.ttf */; };
		A983E89C27E208CD00561814 /* Assets.xcassets in Resources */ = {isa = PBXBuildFile; fileRef = A9A2AAC727BA2A5C009AAE69 /* Assets.xcassets */; };
		A983E89D27E208CD00561814 /* Preview Assets.xcassets in Resources */ = {isa = PBXBuildFile; fileRef = A9A2AACA27BA2A5C009AAE69 /* Preview Assets.xcassets */; };
		A988212D27E3CCAA0012604F /* Formatters.swift in Sources */ = {isa = PBXBuildFile; fileRef = A988212C27E3CCAA0012604F /* Formatters.swift */; };
		A988212F27E3CCE10012604F /* Numerics.swift in Sources */ = {isa = PBXBuildFile; fileRef = A988212E27E3CCE10012604F /* Numerics.swift */; };
		A988213227E3CE920012604F /* CalculationString.swift in Sources */ = {isa = PBXBuildFile; fileRef = A988213127E3CE920012604F /* CalculationString.swift */; };
		A988213427E3E0B60012604F /* CalculatorFormatter.swift in Sources */ = {isa = PBXBuildFile; fileRef = A988213327E3E0B60012604F /* CalculatorFormatter.swift */; };
		A988213627E3E5890012604F /* Strings.swift in Sources */ = {isa = PBXBuildFile; fileRef = A988213527E3E5890012604F /* Strings.swift */; };
		A988213827E3E63C0012604F /* Dimensions.swift in Sources */ = {isa = PBXBuildFile; fileRef = A988213727E3E63C0012604F /* Dimensions.swift */; };
/* End PBXBuildFile section */

/* Begin PBXFileReference section */
		A919991427DE708E003580B2 /* State.swift */ = {isa = PBXFileReference; lastKnownFileType = sourcecode.swift; path = State.swift; sourceTree = "<group>"; };
		A95370F627D7399B008583F1 /* Calculator.swift */ = {isa = PBXFileReference; lastKnownFileType = sourcecode.swift; path = Calculator.swift; sourceTree = "<group>"; };
		A95370FC27D73DCD008583F1 /* BeforeCalculationState.swift */ = {isa = PBXFileReference; lastKnownFileType = sourcecode.swift; path = BeforeCalculationState.swift; sourceTree = "<group>"; };
		A95370FE27D73E11008583F1 /* AfterFirstOperationState.swift */ = {isa = PBXFileReference; lastKnownFileType = sourcecode.swift; path = AfterFirstOperationState.swift; sourceTree = "<group>"; };
		A953710027D73E2C008583F1 /* AfterSecondNumberState.swift */ = {isa = PBXFileReference; lastKnownFileType = sourcecode.swift; path = AfterSecondNumberState.swift; sourceTree = "<group>"; };
		A953710227D73FCD008583F1 /* AfterPrimaryOperationState.swift */ = {isa = PBXFileReference; lastKnownFileType = sourcecode.swift; path = AfterPrimaryOperationState.swift; sourceTree = "<group>"; };
		A953710427D74018008583F1 /* AfterPrimaryBlockNumberState.swift */ = {isa = PBXFileReference; lastKnownFileType = sourcecode.swift; path = AfterPrimaryBlockNumberState.swift; sourceTree = "<group>"; };
		A988212C27E3CCAA0012604F /* Formatters.swift */ = {isa = PBXFileReference; lastKnownFileType = sourcecode.swift; path = Formatters.swift; sourceTree = "<group>"; };
		A988212E27E3CCE10012604F /* Numerics.swift */ = {isa = PBXFileReference; lastKnownFileType = sourcecode.swift; path = Numerics.swift; sourceTree = "<group>"; };
		A988213127E3CE920012604F /* CalculationString.swift */ = {isa = PBXFileReference; lastKnownFileType = sourcecode.swift; path = CalculationString.swift; sourceTree = "<group>"; };
		A988213327E3E0B60012604F /* CalculatorFormatter.swift */ = {isa = PBXFileReference; lastKnownFileType = sourcecode.swift; path = CalculatorFormatter.swift; sourceTree = "<group>"; };
		A988213527E3E5890012604F /* Strings.swift */ = {isa = PBXFileReference; lastKnownFileType = sourcecode.swift; path = Strings.swift; sourceTree = "<group>"; };
		A988213727E3E63C0012604F /* Dimensions.swift */ = {isa = PBXFileReference; lastKnownFileType = sourcecode.swift; path = Dimensions.swift; sourceTree = "<group>"; };
		A9A2AAC027BA2A5A009AAE69 /* SwiftUICalculator.app */ = {isa = PBXFileReference; explicitFileType = wrapper.application; includeInIndex = 0; path = SwiftUICalculator.app; sourceTree = BUILT_PRODUCTS_DIR; };
		A9A2AAC327BA2A5A009AAE69 /* SwiftUICalculatorApp.swift */ = {isa = PBXFileReference; lastKnownFileType = sourcecode.swift; path = SwiftUICalculatorApp.swift; sourceTree = "<group>"; };
		A9A2AAC527BA2A5A009AAE69 /* ContentView.swift */ = {isa = PBXFileReference; lastKnownFileType = sourcecode.swift; path = ContentView.swift; sourceTree = "<group>"; };
		A9A2AAC727BA2A5C009AAE69 /* Assets.xcassets */ = {isa = PBXFileReference; lastKnownFileType = folder.assetcatalog; path = Assets.xcassets; sourceTree = "<group>"; };
		A9A2AACA27BA2A5C009AAE69 /* Preview Assets.xcassets */ = {isa = PBXFileReference; lastKnownFileType = folder.assetcatalog; path = "Preview Assets.xcassets"; sourceTree = "<group>"; };
		A9A2AAD327BA2ABA009AAE69 /* MainView.swift */ = {isa = PBXFileReference; lastKnownFileType = sourcecode.swift; path = MainView.swift; sourceTree = "<group>"; };
		A9A2AAD727BCF21D009AAE69 /* Montserrat-Bold.ttf */ = {isa = PBXFileReference; lastKnownFileType = file; path = "Montserrat-Bold.ttf"; sourceTree = "<group>"; };
		A9A2AADD27BCF41F009AAE69 /* Colors.swift */ = {isa = PBXFileReference; lastKnownFileType = sourcecode.swift; path = Colors.swift; sourceTree = "<group>"; };
		A9A2AADF27BD0249009AAE69 /* Fonts.swift */ = {isa = PBXFileReference; lastKnownFileType = sourcecode.swift; path = Fonts.swift; sourceTree = "<group>"; };
		A9A2AAE127BD08B3009AAE69 /* Info.plist */ = {isa = PBXFileReference; lastKnownFileType = text.plist; path = Info.plist; sourceTree = "<group>"; };
		A9A2AAE627BD1D2E009AAE69 /* Museo-700.otf */ = {isa = PBXFileReference; lastKnownFileType = file; path = "Museo-700.otf"; sourceTree = "<group>"; };
		A9A2AAE927BD71F6009AAE69 /* DigitalNumbers-Regular.ttf */ = {isa = PBXFileReference; lastKnownFileType = file; path = "DigitalNumbers-Regular.ttf"; sourceTree = "<group>"; };
		A9A2AAEB27C00E40009AAE69 /* KeyType.swift */ = {isa = PBXFileReference; lastKnownFileType = sourcecode.swift; path = KeyType.swift; sourceTree = "<group>"; };
		A9A2AAED27C00FFA009AAE69 /* ItemInfo.swift */ = {isa = PBXFileReference; lastKnownFileType = sourcecode.swift; path = ItemInfo.swift; sourceTree = "<group>"; };
		A9A2AAEF27C01128009AAE69 /* MainViewModel.swift */ = {isa = PBXFileReference; lastKnownFileType = sourcecode.swift; path = MainViewModel.swift; sourceTree = "<group>"; };
		A9A2AAF127C01182009AAE69 /* OperationType.swift */ = {isa = PBXFileReference; lastKnownFileType = sourcecode.swift; path = OperationType.swift; sourceTree = "<group>"; };
		A9A2AAF827C38B09009AAE69 /* ButtonView.swift */ = {isa = PBXFileReference; lastKnownFileType = sourcecode.swift; path = ButtonView.swift; sourceTree = "<group>"; };
		A9A2AAFA27C38B66009AAE69 /* ButtonViewModel.swift */ = {isa = PBXFileReference; lastKnownFileType = sourcecode.swift; path = ButtonViewModel.swift; sourceTree = "<group>"; };
/* End PBXFileReference section */

/* Begin PBXFrameworksBuildPhase section */
		A9A2AABD27BA2A5A009AAE69 /* Frameworks */ = {
			isa = PBXFrameworksBuildPhase;
			buildActionMask = 2147483647;
			files = (
			);
			runOnlyForDeploymentPostprocessing = 0;
		};
/* End PBXFrameworksBuildPhase section */

/* Begin PBXGroup section */
		A95370F527D73805008583F1 /* Calculation */ = {
			isa = PBXGroup;
			children = (
				A95370F627D7399B008583F1 /* Calculator.swift */,
				A919991427DE708E003580B2 /* State.swift */,
				A95370FC27D73DCD008583F1 /* BeforeCalculationState.swift */,
				A95370FE27D73E11008583F1 /* AfterFirstOperationState.swift */,
				A953710027D73E2C008583F1 /* AfterSecondNumberState.swift */,
				A953710227D73FCD008583F1 /* AfterPrimaryOperationState.swift */,
				A953710427D74018008583F1 /* AfterPrimaryBlockNumberState.swift */,
			);
			path = Calculation;
			sourceTree = "<group>";
		};
		A988213027E3CE5D0012604F /* Validation */ = {
			isa = PBXGroup;
			children = (
				A988213127E3CE920012604F /* CalculationString.swift */,
			);
			path = Validation;
			sourceTree = "<group>";
		};
		A9A2AAB727BA2A5A009AAE69 = {
			isa = PBXGroup;
			children = (
				A9A2AAC227BA2A5A009AAE69 /* SwiftUICalculator */,
				A9A2AAC127BA2A5A009AAE69 /* Products */,
			);
			sourceTree = "<group>";
		};
		A9A2AAC127BA2A5A009AAE69 /* Products */ = {
			isa = PBXGroup;
			children = (
				A9A2AAC027BA2A5A009AAE69 /* SwiftUICalculator.app */,
			);
			name = Products;
			sourceTree = "<group>";
		};
		A9A2AAC227BA2A5A009AAE69 /* SwiftUICalculator */ = {
			isa = PBXGroup;
			children = (
				A9A2AAE827BD230D009AAE69 /* Support */,
				A9A2AAD627BCF185009AAE69 /* Fonts */,
				A9A2AAD527BCF08D009AAE69 /* Constants */,
				A9A2AAD127BA2A7A009AAE69 /* Screens */,
				A9A2AAC327BA2A5A009AAE69 /* SwiftUICalculatorApp.swift */,
				A9A2AAC727BA2A5C009AAE69 /* Assets.xcassets */,
				A9A2AAE127BD08B3009AAE69 /* Info.plist */,
				A9A2AAC927BA2A5C009AAE69 /* Preview Content */,
			);
			path = SwiftUICalculator;
			sourceTree = "<group>";
		};
		A9A2AAC927BA2A5C009AAE69 /* Preview Content */ = {
			isa = PBXGroup;
			children = (
				A9A2AACA27BA2A5C009AAE69 /* Preview Assets.xcassets */,
			);
			path = "Preview Content";
			sourceTree = "<group>";
		};
		A9A2AAD127BA2A7A009AAE69 /* Screens */ = {
			isa = PBXGroup;
			children = (
				A9A2AAD227BA2AA7009AAE69 /* Main */,
				A9A2AAC527BA2A5A009AAE69 /* ContentView.swift */,
			);
			path = Screens;
			sourceTree = "<group>";
		};
		A9A2AAD227BA2AA7009AAE69 /* Main */ = {
			isa = PBXGroup;
			children = (
				A9A2AAF727C01923009AAE69 /* Model */,
				A9A2AAF627C0191A009AAE69 /* ViewModels */,
				A9A2AAF327C018CC009AAE69 /* Views */,
			);
			path = Main;
			sourceTree = "<group>";
		};
		A9A2AAD527BCF08D009AAE69 /* Constants */ = {
			isa = PBXGroup;
			children = (
				A9A2AADD27BCF41F009AAE69 /* Colors.swift */,
				A988213527E3E5890012604F /* Strings.swift */,
				A988213727E3E63C0012604F /* Dimensions.swift */,
			);
			path = Constants;
			sourceTree = "<group>";
		};
		A9A2AAD627BCF185009AAE69 /* Fonts */ = {
			isa = PBXGroup;
			children = (
				A9A2AAE627BD1D2E009AAE69 /* Museo-700.otf */,
				A9A2AAD727BCF21D009AAE69 /* Montserrat-Bold.ttf */,
				A9A2AAE927BD71F6009AAE69 /* DigitalNumbers-Regular.ttf */,
			);
			path = Fonts;
			sourceTree = "<group>";
		};
		A9A2AAE827BD230D009AAE69 /* Support */ = {
			isa = PBXGroup;
			children = (
				A9A2AADF27BD0249009AAE69 /* Fonts.swift */,
				A988212C27E3CCAA0012604F /* Formatters.swift */,
				A988212E27E3CCE10012604F /* Numerics.swift */,
			);
			path = Support;
			sourceTree = "<group>";
		};
		A9A2AAF327C018CC009AAE69 /* Views */ = {
			isa = PBXGroup;
			children = (
				A9A2AAD327BA2ABA009AAE69 /* MainView.swift */,
				A9A2AAF827C38B09009AAE69 /* ButtonView.swift */,
			);
			path = Views;
			sourceTree = "<group>";
		};
		A9A2AAF627C0191A009AAE69 /* ViewModels */ = {
			isa = PBXGroup;
			children = (
				A9A2AAEF27C01128009AAE69 /* MainViewModel.swift */,
				A9A2AAFA27C38B66009AAE69 /* ButtonViewModel.swift */,
			);
			path = ViewModels;
			sourceTree = "<group>";
		};
		A9A2AAF727C01923009AAE69 /* Model */ = {
			isa = PBXGroup;
			children = (
				A988213027E3CE5D0012604F /* Validation */,
				A95370F527D73805008583F1 /* Calculation */,
				A9A2AAEB27C00E40009AAE69 /* KeyType.swift */,
				A9A2AAED27C00FFA009AAE69 /* ItemInfo.swift */,
				A9A2AAF127C01182009AAE69 /* OperationType.swift */,
				A988213327E3E0B60012604F /* CalculatorFormatter.swift */,
			);
			path = Model;
			sourceTree = "<group>";
		};
/* End PBXGroup section */

/* Begin PBXNativeTarget section */
		A9A2AABF27BA2A5A009AAE69 /* SwiftUICalculator */ = {
			isa = PBXNativeTarget;
			buildConfigurationList = A9A2AACE27BA2A5C009AAE69 /* Build configuration list for PBXNativeTarget "SwiftUICalculator" */;
			buildPhases = (
				A9A2AABC27BA2A5A009AAE69 /* Sources */,
				A9A2AABD27BA2A5A009AAE69 /* Frameworks */,
				A9A2AABE27BA2A5A009AAE69 /* Resources */,
			);
			buildRules = (
			);
			dependencies = (
			);
			name = SwiftUICalculator;
			productName = SwiftUICalculator;
			productReference = A9A2AAC027BA2A5A009AAE69 /* SwiftUICalculator.app */;
			productType = "com.apple.product-type.application";
		};
/* End PBXNativeTarget section */

/* Begin PBXProject section */
		A9A2AAB827BA2A5A009AAE69 /* Project object */ = {
			isa = PBXProject;
			attributes = {
				BuildIndependentTargetsInParallel = 1;
				LastSwiftUpdateCheck = 1320;
				LastUpgradeCheck = 1320;
				TargetAttributes = {
					A9A2AABF27BA2A5A009AAE69 = {
						CreatedOnToolsVersion = 13.2.1;
					};
				};
			};
			buildConfigurationList = A9A2AABB27BA2A5A009AAE69 /* Build configuration list for PBXProject "SwiftUICalculator" */;
			compatibilityVersion = "Xcode 13.0";
			developmentRegion = en;
			hasScannedForEncodings = 0;
			knownRegions = (
				en,
				Base,
			);
			mainGroup = A9A2AAB727BA2A5A009AAE69;
			productRefGroup = A9A2AAC127BA2A5A009AAE69 /* Products */;
			projectDirPath = "";
			projectRoot = "";
			targets = (
				A9A2AABF27BA2A5A009AAE69 /* SwiftUICalculator */,
			);
		};
/* End PBXProject section */

/* Begin PBXResourcesBuildPhase section */
		A9A2AABE27BA2A5A009AAE69 /* Resources */ = {
			isa = PBXResourcesBuildPhase;
			buildActionMask = 2147483647;
			files = (
				A983E89927E208CD00561814 /* Museo-700.otf in Resources */,
				A983E89A27E208CD00561814 /* Montserrat-Bold.ttf in Resources */,
				A983E89B27E208CD00561814 /* DigitalNumbers-Regular.ttf in Resources */,
				A983E89C27E208CD00561814 /* Assets.xcassets in Resources */,
				A983E89D27E208CD00561814 /* Preview Assets.xcassets in Resources */,
			);
			runOnlyForDeploymentPostprocessing = 0;
		};
/* End PBXResourcesBuildPhase section */

/* Begin PBXSourcesBuildPhase section */
		A9A2AABC27BA2A5A009AAE69 /* Sources */ = {
			isa = PBXSourcesBuildPhase;
			buildActionMask = 2147483647;
			files = (
				A956159D27DE769300D4F737 /* State.swift in Sources */,
				A956159E27DE769300D4F737 /* OperationType.swift in Sources */,
				A919990127DE68F7003580B2 /* Fonts.swift in Sources */,
				A919990227DE68F7003580B2 /* Colors.swift in Sources */,
				A919990327DE68F7003580B2 /* Calculator.swift in Sources */,
				A919990527DE68F7003580B2 /* BeforeCalculationState.swift in Sources */,
				A988213427E3E0B60012604F /* CalculatorFormatter.swift in Sources */,
				A919990627DE68F7003580B2 /* AfterFirstOperationState.swift in Sources */,
				A919990727DE68F7003580B2 /* AfterSecondNumberState.swift in Sources */,
				A919990827DE68F7003580B2 /* AfterPrimaryOperationState.swift in Sources */,
				A919990927DE68F7003580B2 /* AfterPrimaryBlockNumberState.swift in Sources */,
				A919990A27DE68F7003580B2 /* KeyType.swift in Sources */,
				A919990B27DE68F7003580B2 /* ItemInfo.swift in Sources */,
				A919990E27DE68F7003580B2 /* MainViewModel.swift in Sources */,
				A988212D27E3CCAA0012604F /* Formatters.swift in Sources */,
				A919990F27DE68F7003580B2 /* ButtonViewModel.swift in Sources */,
				A919991027DE68F7003580B2 /* MainView.swift in Sources */,
				A919991127DE68F7003580B2 /* ButtonView.swift in Sources */,
				A919991227DE68F7003580B2 /* ContentView.swift in Sources */,
				A919991327DE68F7003580B2 /* SwiftUICalculatorApp.swift in Sources */,
				A988213827E3E63C0012604F /* Dimensions.swift in Sources */,
				A988212F27E3CCE10012604F /* Numerics.swift in Sources */,
				A988213227E3CE920012604F /* CalculationString.swift in Sources */,
				A988213627E3E5890012604F /* Strings.swift in Sources */,
			);
			runOnlyForDeploymentPostprocessing = 0;
		};
/* End PBXSourcesBuildPhase section */

/* Begin XCBuildConfiguration section */
		A9A2AACC27BA2A5C009AAE69 /* Debug */ = {
			isa = XCBuildConfiguration;
			buildSettings = {
				ALWAYS_SEARCH_USER_PATHS = NO;
				CLANG_ANALYZER_NONNULL = YES;
				CLANG_ANALYZER_NUMBER_OBJECT_CONVERSION = YES_AGGRESSIVE;
				CLANG_CXX_LANGUAGE_STANDARD = "gnu++17";
				CLANG_CXX_LIBRARY = "libc++";
				CLANG_ENABLE_MODULES = YES;
				CLANG_ENABLE_OBJC_ARC = YES;
				CLANG_ENABLE_OBJC_WEAK = YES;
				CLANG_WARN_BLOCK_CAPTURE_AUTORELEASING = YES;
				CLANG_WARN_BOOL_CONVERSION = YES;
				CLANG_WARN_COMMA = YES;
				CLANG_WARN_CONSTANT_CONVERSION = YES;
				CLANG_WARN_DEPRECATED_OBJC_IMPLEMENTATIONS = YES;
				CLANG_WARN_DIRECT_OBJC_ISA_USAGE = YES_ERROR;
				CLANG_WARN_DOCUMENTATION_COMMENTS = YES;
				CLANG_WARN_EMPTY_BODY = YES;
				CLANG_WARN_ENUM_CONVERSION = YES;
				CLANG_WARN_INFINITE_RECURSION = YES;
				CLANG_WARN_INT_CONVERSION = YES;
				CLANG_WARN_NON_LITERAL_NULL_CONVERSION = YES;
				CLANG_WARN_OBJC_IMPLICIT_RETAIN_SELF = YES;
				CLANG_WARN_OBJC_LITERAL_CONVERSION = YES;
				CLANG_WARN_OBJC_ROOT_CLASS = YES_ERROR;
				CLANG_WARN_QUOTED_INCLUDE_IN_FRAMEWORK_HEADER = YES;
				CLANG_WARN_RANGE_LOOP_ANALYSIS = YES;
				CLANG_WARN_STRICT_PROTOTYPES = YES;
				CLANG_WARN_SUSPICIOUS_MOVE = YES;
				CLANG_WARN_UNGUARDED_AVAILABILITY = YES_AGGRESSIVE;
				CLANG_WARN_UNREACHABLE_CODE = YES;
				CLANG_WARN__DUPLICATE_METHOD_MATCH = YES;
				COPY_PHASE_STRIP = NO;
				DEBUG_INFORMATION_FORMAT = dwarf;
				ENABLE_STRICT_OBJC_MSGSEND = YES;
				ENABLE_TESTABILITY = YES;
				GCC_C_LANGUAGE_STANDARD = gnu11;
				GCC_DYNAMIC_NO_PIC = NO;
				GCC_NO_COMMON_BLOCKS = YES;
				GCC_OPTIMIZATION_LEVEL = 0;
				GCC_PREPROCESSOR_DEFINITIONS = (
					"DEBUG=1",
					"$(inherited)",
				);
				GCC_WARN_64_TO_32_BIT_CONVERSION = YES;
				GCC_WARN_ABOUT_RETURN_TYPE = YES_ERROR;
				GCC_WARN_UNDECLARED_SELECTOR = YES;
				GCC_WARN_UNINITIALIZED_AUTOS = YES_AGGRESSIVE;
				GCC_WARN_UNUSED_FUNCTION = YES;
				GCC_WARN_UNUSED_VARIABLE = YES;
				IPHONEOS_DEPLOYMENT_TARGET = 15.2;
				MTL_ENABLE_DEBUG_INFO = INCLUDE_SOURCE;
				MTL_FAST_MATH = YES;
				ONLY_ACTIVE_ARCH = YES;
				SDKROOT = iphoneos;
				SWIFT_ACTIVE_COMPILATION_CONDITIONS = DEBUG;
				SWIFT_OPTIMIZATION_LEVEL = "-Onone";
			};
			name = Debug;
		};
		A9A2AACD27BA2A5C009AAE69 /* Release */ = {
			isa = XCBuildConfiguration;
			buildSettings = {
				ALWAYS_SEARCH_USER_PATHS = NO;
				CLANG_ANALYZER_NONNULL = YES;
				CLANG_ANALYZER_NUMBER_OBJECT_CONVERSION = YES_AGGRESSIVE;
				CLANG_CXX_LANGUAGE_STANDARD = "gnu++17";
				CLANG_CXX_LIBRARY = "libc++";
				CLANG_ENABLE_MODULES = YES;
				CLANG_ENABLE_OBJC_ARC = YES;
				CLANG_ENABLE_OBJC_WEAK = YES;
				CLANG_WARN_BLOCK_CAPTURE_AUTORELEASING = YES;
				CLANG_WARN_BOOL_CONVERSION = YES;
				CLANG_WARN_COMMA = YES;
				CLANG_WARN_CONSTANT_CONVERSION = YES;
				CLANG_WARN_DEPRECATED_OBJC_IMPLEMENTATIONS = YES;
				CLANG_WARN_DIRECT_OBJC_ISA_USAGE = YES_ERROR;
				CLANG_WARN_DOCUMENTATION_COMMENTS = YES;
				CLANG_WARN_EMPTY_BODY = YES;
				CLANG_WARN_ENUM_CONVERSION = YES;
				CLANG_WARN_INFINITE_RECURSION = YES;
				CLANG_WARN_INT_CONVERSION = YES;
				CLANG_WARN_NON_LITERAL_NULL_CONVERSION = YES;
				CLANG_WARN_OBJC_IMPLICIT_RETAIN_SELF = YES;
				CLANG_WARN_OBJC_LITERAL_CONVERSION = YES;
				CLANG_WARN_OBJC_ROOT_CLASS = YES_ERROR;
				CLANG_WARN_QUOTED_INCLUDE_IN_FRAMEWORK_HEADER = YES;
				CLANG_WARN_RANGE_LOOP_ANALYSIS = YES;
				CLANG_WARN_STRICT_PROTOTYPES = YES;
				CLANG_WARN_SUSPICIOUS_MOVE = YES;
				CLANG_WARN_UNGUARDED_AVAILABILITY = YES_AGGRESSIVE;
				CLANG_WARN_UNREACHABLE_CODE = YES;
				CLANG_WARN__DUPLICATE_METHOD_MATCH = YES;
				COPY_PHASE_STRIP = NO;
				DEBUG_INFORMATION_FORMAT = "dwarf-with-dsym";
				ENABLE_NS_ASSERTIONS = NO;
				ENABLE_STRICT_OBJC_MSGSEND = YES;
				GCC_C_LANGUAGE_STANDARD = gnu11;
				GCC_NO_COMMON_BLOCKS = YES;
				GCC_WARN_64_TO_32_BIT_CONVERSION = YES;
				GCC_WARN_ABOUT_RETURN_TYPE = YES_ERROR;
				GCC_WARN_UNDECLARED_SELECTOR = YES;
				GCC_WARN_UNINITIALIZED_AUTOS = YES_AGGRESSIVE;
				GCC_WARN_UNUSED_FUNCTION = YES;
				GCC_WARN_UNUSED_VARIABLE = YES;
				IPHONEOS_DEPLOYMENT_TARGET = 15.2;
				MTL_ENABLE_DEBUG_INFO = NO;
				MTL_FAST_MATH = YES;
				SDKROOT = iphoneos;
				SWIFT_COMPILATION_MODE = wholemodule;
				SWIFT_OPTIMIZATION_LEVEL = "-O";
				VALIDATE_PRODUCT = YES;
			};
			name = Release;
		};
		A9A2AACF27BA2A5C009AAE69 /* Debug */ = {
			isa = XCBuildConfiguration;
			buildSettings = {
				ASSETCATALOG_COMPILER_APPICON_NAME = AppIcon;
				ASSETCATALOG_COMPILER_GLOBAL_ACCENT_COLOR_NAME = AccentColor;
				CODE_SIGN_STYLE = Automatic;
				CURRENT_PROJECT_VERSION = 1;
				DEVELOPMENT_ASSET_PATHS = "\"SwiftUICalculator/Preview Content\"";
				DEVELOPMENT_TEAM = LC826B8LG8;
				ENABLE_PREVIEWS = YES;
				GENERATE_INFOPLIST_FILE = YES;
				INFOPLIST_FILE = SwiftUICalculator/Info.plist;
				INFOPLIST_KEY_UIApplicationSceneManifest_Generation = YES;
				INFOPLIST_KEY_UIApplicationSupportsIndirectInputEvents = YES;
				INFOPLIST_KEY_UILaunchScreen_Generation = YES;
				INFOPLIST_KEY_UISupportedInterfaceOrientations = UIInterfaceOrientationPortrait;
				INFOPLIST_KEY_UISupportedInterfaceOrientations_iPad = "UIInterfaceOrientationPortrait UIInterfaceOrientationPortraitUpsideDown UIInterfaceOrientationLandscapeLeft UIInterfaceOrientationLandscapeRight";
				INFOPLIST_KEY_UISupportedInterfaceOrientations_iPhone = "UIInterfaceOrientationPortrait UIInterfaceOrientationLandscapeLeft UIInterfaceOrientationLandscapeRight";
				LD_RUNPATH_SEARCH_PATHS = (
					"$(inherited)",
					"@executable_path/Frameworks",
				);
				MARKETING_VERSION = 1.0;
				PRODUCT_BUNDLE_IDENTIFIER = Xoxo.SwiftUICalculator;
				PRODUCT_MODULE_NAME = "$(PRODUCT_NAME:c99extidentifier)";
				PRODUCT_NAME = "$(TARGET_NAME)";
				SWIFT_EMIT_LOC_STRINGS = YES;
				SWIFT_VERSION = 5.0;
				TARGETED_DEVICE_FAMILY = "1,2";
			};
			name = Debug;
		};
		A9A2AAD027BA2A5C009AAE69 /* Release */ = {
			isa = XCBuildConfiguration;
			buildSettings = {
				ASSETCATALOG_COMPILER_APPICON_NAME = AppIcon;
				ASSETCATALOG_COMPILER_GLOBAL_ACCENT_COLOR_NAME = AccentColor;
				CODE_SIGN_STYLE = Automatic;
				CURRENT_PROJECT_VERSION = 1;
				DEVELOPMENT_ASSET_PATHS = "\"SwiftUICalculator/Preview Content\"";
				DEVELOPMENT_TEAM = LC826B8LG8;
				ENABLE_PREVIEWS = YES;
				GENERATE_INFOPLIST_FILE = YES;
				INFOPLIST_FILE = SwiftUICalculator/Info.plist;
				INFOPLIST_KEY_UIApplicationSceneManifest_Generation = YES;
				INFOPLIST_KEY_UIApplicationSupportsIndirectInputEvents = YES;
				INFOPLIST_KEY_UILaunchScreen_Generation = YES;
				INFOPLIST_KEY_UISupportedInterfaceOrientations = UIInterfaceOrientationPortrait;
				INFOPLIST_KEY_UISupportedInterfaceOrientations_iPad = "UIInterfaceOrientationPortrait UIInterfaceOrientationPortraitUpsideDown UIInterfaceOrientationLandscapeLeft UIInterfaceOrientationLandscapeRight";
				INFOPLIST_KEY_UISupportedInterfaceOrientations_iPhone = "UIInterfaceOrientationPortrait UIInterfaceOrientationLandscapeLeft UIInterfaceOrientationLandscapeRight";
				LD_RUNPATH_SEARCH_PATHS = (
					"$(inherited)",
					"@executable_path/Frameworks",
				);
				MARKETING_VERSION = 1.0;
				PRODUCT_BUNDLE_IDENTIFIER = Xoxo.SwiftUICalculator;
				PRODUCT_MODULE_NAME = "$(PRODUCT_NAME:c99extidentifier)";
				PRODUCT_NAME = "$(TARGET_NAME)";
				SWIFT_EMIT_LOC_STRINGS = YES;
				SWIFT_VERSION = 5.0;
				TARGETED_DEVICE_FAMILY = "1,2";
			};
			name = Release;
		};
/* End XCBuildConfiguration section */

/* Begin XCConfigurationList section */
		A9A2AABB27BA2A5A009AAE69 /* Build configuration list for PBXProject "SwiftUICalculator" */ = {
			isa = XCConfigurationList;
			buildConfigurations = (
				A9A2AACC27BA2A5C009AAE69 /* Debug */,
				A9A2AACD27BA2A5C009AAE69 /* Release */,
			);
			defaultConfigurationIsVisible = 0;
			defaultConfigurationName = Release;
		};
		A9A2AACE27BA2A5C009AAE69 /* Build configuration list for PBXNativeTarget "SwiftUICalculator" */ = {
			isa = XCConfigurationList;
			buildConfigurations = (
				A9A2AACF27BA2A5C009AAE69 /* Debug */,
				A9A2AAD027BA2A5C009AAE69 /* Release */,
			);
			defaultConfigurationIsVisible = 0;
			defaultConfigurationName = Release;
		};
/* End XCConfigurationList section */
	};
	rootObject = A9A2AAB827BA2A5A009AAE69 /* Project object */;
}
